
Microsoft Visual Studio Solution File, Format Version 12.00
# Visual Studio 15
VisualStudioVersion = 15.0.27428.2015
MinimumVisualStudioVersion = 10.0.40219.1
Project("{9A19103F-16F7-4668-BE54-9A1E7A4F7556}") = "PushSample", "src\PushSample\PushSample.csproj", "{5CBD1F99-C7BE-4A5F-8B5A-A36904CF3D75}"
EndProject
Project("{FAE04EC0-301F-11D3-BF4B-00C04F79EFBC}") = "PushSample.Android", "src\PushSample.Android\PushSample.Android.csproj", "{3D9F6B8B-867F-4579-81D4-22FD3124DAA4}"
EndProject
Project("{FAE04EC0-301F-11D3-BF4B-00C04F79EFBC}") = "PushSample.iOS", "src\PushSample.iOS\PushSample.iOS.csproj", "{D916B93D-FEE5-4EFA-A6F1-45E21E9B3931}"
EndProject
Global
	GlobalSection(SolutionConfigurationPlatforms) = preSolution
		Ad-Hoc|Any CPU = Ad-Hoc|Any CPU
		Ad-Hoc|ARM = Ad-Hoc|ARM
		Ad-Hoc|iPhone = Ad-Hoc|iPhone
		Ad-Hoc|iPhoneSimulator = Ad-Hoc|iPhoneSimulator
		Ad-Hoc|x64 = Ad-Hoc|x64
		Ad-Hoc|x86 = Ad-Hoc|x86
		AppStore|Any CPU = AppStore|Any CPU
		AppStore|ARM = AppStore|ARM
		AppStore|iPhone = AppStore|iPhone
		AppStore|iPhoneSimulator = AppStore|iPhoneSimulator
		AppStore|x64 = AppStore|x64
		AppStore|x86 = AppStore|x86
		Debug|Any CPU = Debug|Any CPU
		Debug|ARM = Debug|ARM
		Debug|iPhone = Debug|iPhone
		Debug|iPhoneSimulator = Debug|iPhoneSimulator
		Debug|x64 = Debug|x64
		Debug|x86 = Debug|x86
		Release|Any CPU = Release|Any CPU
		Release|ARM = Release|ARM
		Release|iPhone = Release|iPhone
		Release|iPhoneSimulator = Release|iPhoneSimulator
		Release|x64 = Release|x64
		Release|x86 = Release|x86
	EndGlobalSection
	GlobalSection(ProjectConfigurationPlatforms) = postSolution
		{5CBD1F99-C7BE-4A5F-8B5A-A36904CF3D75}.Ad-Hoc|Any CPU.ActiveCfg = Debug|Any CPU
		{5CBD1F99-C7BE-4A5F-8B5A-A36904CF3D75}.Ad-Hoc|Any CPU.Build.0 = Debug|Any CPU
		{5CBD1F99-C7BE-4A5F-8B5A-A36904CF3D75}.Ad-Hoc|ARM.ActiveCfg = Debug|Any CPU
		{5CBD1F99-C7BE-4A5F-8B5A-A36904CF3D75}.Ad-Hoc|ARM.Build.0 = Debug|Any CPU
		{5CBD1F99-C7BE-4A5F-8B5A-A36904CF3D75}.Ad-Hoc|iPhone.ActiveCfg = Debug|Any CPU
		{5CBD1F99-C7BE-4A5F-8B5A-A36904CF3D75}.Ad-Hoc|iPhone.Build.0 = Debug|Any CPU
		{5CBD1F99-C7BE-4A5F-8B5A-A36904CF3D75}.Ad-Hoc|iPhoneSimulator.ActiveCfg = Debug|Any CPU
		{5CBD1F99-C7BE-4A5F-8B5A-A36904CF3D75}.Ad-Hoc|iPhoneSimulator.Build.0 = Debug|Any CPU
		{5CBD1F99-C7BE-4A5F-8B5A-A36904CF3D75}.Ad-Hoc|x64.ActiveCfg = Debug|Any CPU
		{5CBD1F99-C7BE-4A5F-8B5A-A36904CF3D75}.Ad-Hoc|x64.Build.0 = Debug|Any CPU
		{5CBD1F99-C7BE-4A5F-8B5A-A36904CF3D75}.Ad-Hoc|x86.ActiveCfg = Debug|Any CPU
		{5CBD1F99-C7BE-4A5F-8B5A-A36904CF3D75}.Ad-Hoc|x86.Build.0 = Debug|Any CPU
		{5CBD1F99-C7BE-4A5F-8B5A-A36904CF3D75}.AppStore|Any CPU.ActiveCfg = Debug|Any CPU
		{5CBD1F99-C7BE-4A5F-8B5A-A36904CF3D75}.AppStore|Any CPU.Build.0 = Debug|Any CPU
		{5CBD1F99-C7BE-4A5F-8B5A-A36904CF3D75}.AppStore|ARM.ActiveCfg = Debug|Any CPU
		{5CBD1F99-C7BE-4A5F-8B5A-A36904CF3D75}.AppStore|ARM.Build.0 = Debug|Any CPU
		{5CBD1F99-C7BE-4A5F-8B5A-A36904CF3D75}.AppStore|iPhone.ActiveCfg = Debug|Any CPU
		{5CBD1F99-C7BE-4A5F-8B5A-A36904CF3D75}.AppStore|iPhone.Build.0 = Debug|Any CPU
		{5CBD1F99-C7BE-4A5F-8B5A-A36904CF3D75}.AppStore|iPhoneSimulator.ActiveCfg = Debug|Any CPU
		{5CBD1F99-C7BE-4A5F-8B5A-A36904CF3D75}.AppStore|iPhoneSimulator.Build.0 = Debug|Any CPU
		{5CBD1F99-C7BE-4A5F-8B5A-A36904CF3D75}.AppStore|x64.ActiveCfg = Debug|Any CPU
		{5CBD1F99-C7BE-4A5F-8B5A-A36904CF3D75}.AppStore|x64.Build.0 = Debug|Any CPU
		{5CBD1F99-C7BE-4A5F-8B5A-A36904CF3D75}.AppStore|x86.ActiveCfg = Debug|Any CPU
		{5CBD1F99-C7BE-4A5F-8B5A-A36904CF3D75}.AppStore|x86.Build.0 = Debug|Any CPU
		{5CBD1F99-C7BE-4A5F-8B5A-A36904CF3D75}.Debug|Any CPU.ActiveCfg = Debug|Any CPU
		{5CBD1F99-C7BE-4A5F-8B5A-A36904CF3D75}.Debug|Any CPU.Build.0 = Debug|Any CPU
		{5CBD1F99-C7BE-4A5F-8B5A-A36904CF3D75}.Debug|ARM.ActiveCfg = Debug|Any CPU
		{5CBD1F99-C7BE-4A5F-8B5A-A36904CF3D75}.Debug|ARM.Build.0 = Debug|Any CPU
		{5CBD1F99-C7BE-4A5F-8B5A-A36904CF3D75}.Debug|iPhone.ActiveCfg = Debug|Any CPU
		{5CBD1F99-C7BE-4A5F-8B5A-A36904CF3D75}.Debug|iPhone.Build.0 = Debug|Any CPU
		{5CBD1F99-C7BE-4A5F-8B5A-A36904CF3D75}.Debug|iPhoneSimulator.ActiveCfg = Debug|Any CPU
		{5CBD1F99-C7BE-4A5F-8B5A-A36904CF3D75}.Debug|iPhoneSimulator.Build.0 = Debug|Any CPU
		{5CBD1F99-C7BE-4A5F-8B5A-A36904CF3D75}.Debug|x64.ActiveCfg = Debug|Any CPU
		{5CBD1F99-C7BE-4A5F-8B5A-A36904CF3D75}.Debug|x64.Build.0 = Debug|Any CPU
		{5CBD1F99-C7BE-4A5F-8B5A-A36904CF3D75}.Debug|x86.ActiveCfg = Debug|Any CPU
		{5CBD1F99-C7BE-4A5F-8B5A-A36904CF3D75}.Debug|x86.Build.0 = Debug|Any CPU
		{5CBD1F99-C7BE-4A5F-8B5A-A36904CF3D75}.Release|Any CPU.ActiveCfg = Release|Any CPU
		{5CBD1F99-C7BE-4A5F-8B5A-A36904CF3D75}.Release|Any CPU.Build.0 = Release|Any CPU
		{5CBD1F99-C7BE-4A5F-8B5A-A36904CF3D75}.Release|ARM.ActiveCfg = Release|Any CPU
		{5CBD1F99-C7BE-4A5F-8B5A-A36904CF3D75}.Release|ARM.Build.0 = Release|Any CPU
		{5CBD1F99-C7BE-4A5F-8B5A-A36904CF3D75}.Release|iPhone.ActiveCfg = Release|Any CPU
		{5CBD1F99-C7BE-4A5F-8B5A-A36904CF3D75}.Release|iPhone.Build.0 = Release|Any CPU
		{5CBD1F99-C7BE-4A5F-8B5A-A36904CF3D75}.Release|iPhoneSimulator.ActiveCfg = Release|Any CPU
		{5CBD1F99-C7BE-4A5F-8B5A-A36904CF3D75}.Release|iPhoneSimulator.Build.0 = Release|Any CPU
		{5CBD1F99-C7BE-4A5F-8B5A-A36904CF3D75}.Release|x64.ActiveCfg = Release|Any CPU
		{5CBD1F99-C7BE-4A5F-8B5A-A36904CF3D75}.Release|x64.Build.0 = Release|Any CPU
		{5CBD1F99-C7BE-4A5F-8B5A-A36904CF3D75}.Release|x86.ActiveCfg = Release|Any CPU
		{5CBD1F99-C7BE-4A5F-8B5A-A36904CF3D75}.Release|x86.Build.0 = Release|Any CPU
		{3D9F6B8B-867F-4579-81D4-22FD3124DAA4}.Ad-Hoc|Any CPU.ActiveCfg = Release|Any CPU
		{3D9F6B8B-867F-4579-81D4-22FD3124DAA4}.Ad-Hoc|Any CPU.Build.0 = Release|Any CPU
		{3D9F6B8B-867F-4579-81D4-22FD3124DAA4}.Ad-Hoc|Any CPU.Deploy.0 = Release|Any CPU
		{3D9F6B8B-867F-4579-81D4-22FD3124DAA4}.Ad-Hoc|ARM.ActiveCfg = Release|Any CPU
		{3D9F6B8B-867F-4579-81D4-22FD3124DAA4}.Ad-Hoc|ARM.Build.0 = Release|Any CPU
		{3D9F6B8B-867F-4579-81D4-22FD3124DAA4}.Ad-Hoc|ARM.Deploy.0 = Release|Any CPU
		{3D9F6B8B-867F-4579-81D4-22FD3124DAA4}.Ad-Hoc|iPhone.ActiveCfg = Release|Any CPU
		{3D9F6B8B-867F-4579-81D4-22FD3124DAA4}.Ad-Hoc|iPhone.Build.0 = Release|Any CPU
		{3D9F6B8B-867F-4579-81D4-22FD3124DAA4}.Ad-Hoc|iPhone.Deploy.0 = Release|Any CPU
		{3D9F6B8B-867F-4579-81D4-22FD3124DAA4}.Ad-Hoc|iPhoneSimulator.ActiveCfg = Release|Any CPU
		{3D9F6B8B-867F-4579-81D4-22FD3124DAA4}.Ad-Hoc|iPhoneSimulator.Build.0 = Release|Any CPU
		{3D9F6B8B-867F-4579-81D4-22FD3124DAA4}.Ad-Hoc|iPhoneSimulator.Deploy.0 = Release|Any CPU
		{3D9F6B8B-867F-4579-81D4-22FD3124DAA4}.Ad-Hoc|x64.ActiveCfg = Release|Any CPU
		{3D9F6B8B-867F-4579-81D4-22FD3124DAA4}.Ad-Hoc|x64.Build.0 = Release|Any CPU
		{3D9F6B8B-867F-4579-81D4-22FD3124DAA4}.Ad-Hoc|x64.Deploy.0 = Release|Any CPU
		{3D9F6B8B-867F-4579-81D4-22FD3124DAA4}.Ad-Hoc|x86.ActiveCfg = Release|Any CPU
		{3D9F6B8B-867F-4579-81D4-22FD3124DAA4}.Ad-Hoc|x86.Build.0 = Release|Any CPU
		{3D9F6B8B-867F-4579-81D4-22FD3124DAA4}.Ad-Hoc|x86.Deploy.0 = Release|Any CPU
		{3D9F6B8B-867F-4579-81D4-22FD3124DAA4}.AppStore|Any CPU.ActiveCfg = Release|Any CPU
		{3D9F6B8B-867F-4579-81D4-22FD3124DAA4}.AppStore|Any CPU.Build.0 = Release|Any CPU
		{3D9F6B8B-867F-4579-81D4-22FD3124DAA4}.AppStore|Any CPU.Deploy.0 = Release|Any CPU
		{3D9F6B8B-867F-4579-81D4-22FD3124DAA4}.AppStore|ARM.ActiveCfg = Release|Any CPU
		{3D9F6B8B-867F-4579-81D4-22FD3124DAA4}.AppStore|ARM.Build.0 = Release|Any CPU
		{3D9F6B8B-867F-4579-81D4-22FD3124DAA4}.AppStore|ARM.Deploy.0 = Release|Any CPU
		{3D9F6B8B-867F-4579-81D4-22FD3124DAA4}.AppStore|iPhone.ActiveCfg = Release|Any CPU
		{3D9F6B8B-867F-4579-81D4-22FD3124DAA4}.AppStore|iPhone.Build.0 = Release|Any CPU
		{3D9F6B8B-867F-4579-81D4-22FD3124DAA4}.AppStore|iPhone.Deploy.0 = Release|Any CPU
		{3D9F6B8B-867F-4579-81D4-22FD3124DAA4}.AppStore|iPhoneSimulator.ActiveCfg = Release|Any CPU
		{3D9F6B8B-867F-4579-81D4-22FD3124DAA4}.AppStore|iPhoneSimulator.Build.0 = Release|Any CPU
		{3D9F6B8B-867F-4579-81D4-22FD3124DAA4}.AppStore|iPhoneSimulator.Deploy.0 = Release|Any CPU
		{3D9F6B8B-867F-4579-81D4-22FD3124DAA4}.AppStore|x64.ActiveCfg = Release|Any CPU
		{3D9F6B8B-867F-4579-81D4-22FD3124DAA4}.AppStore|x64.Build.0 = Release|Any CPU
		{3D9F6B8B-867F-4579-81D4-22FD3124DAA4}.AppStore|x64.Deploy.0 = Release|Any CPU
		{3D9F6B8B-867F-4579-81D4-22FD3124DAA4}.AppStore|x86.ActiveCfg = Release|Any CPU
		{3D9F6B8B-867F-4579-81D4-22FD3124DAA4}.AppStore|x86.Build.0 = Release|Any CPU
		{3D9F6B8B-867F-4579-81D4-22FD3124DAA4}.AppStore|x86.Deploy.0 = Release|Any CPU
		{3D9F6B8B-867F-4579-81D4-22FD3124DAA4}.Debug|Any CPU.ActiveCfg = Debug|Any CPU
		{3D9F6B8B-867F-4579-81D4-22FD3124DAA4}.Debug|Any CPU.Build.0 = Debug|Any CPU
		{3D9F6B8B-867F-4579-81D4-22FD3124DAA4}.Debug|Any CPU.Deploy.0 = Debug|Any CPU
		{3D9F6B8B-867F-4579-81D4-22FD3124DAA4}.Debug|ARM.ActiveCfg = Debug|Any CPU
		{3D9F6B8B-867F-4579-81D4-22FD3124DAA4}.Debug|ARM.Build.0 = Debug|Any CPU
		{3D9F6B8B-867F-4579-81D4-22FD3124DAA4}.Debug|ARM.Deploy.0 = Debug|Any CPU
		{3D9F6B8B-867F-4579-81D4-22FD3124DAA4}.Debug|iPhone.ActiveCfg = Debug|Any CPU
		{3D9F6B8B-867F-4579-81D4-22FD3124DAA4}.Debug|iPhone.Build.0 = Debug|Any CPU
		{3D9F6B8B-867F-4579-81D4-22FD3124DAA4}.Debug|iPhone.Deploy.0 = Debug|Any CPU
		{3D9F6B8B-867F-4579-81D4-22FD3124DAA4}.Debug|iPhoneSimulator.ActiveCfg = Debug|Any CPU
		{3D9F6B8B-867F-4579-81D4-22FD3124DAA4}.Debug|iPhoneSimulator.Build.0 = Debug|Any CPU
		{3D9F6B8B-867F-4579-81D4-22FD3124DAA4}.Debug|iPhoneSimulator.Deploy.0 = Debug|Any CPU
		{3D9F6B8B-867F-4579-81D4-22FD3124DAA4}.Debug|x64.ActiveCfg = Debug|Any CPU
		{3D9F6B8B-867F-4579-81D4-22FD3124DAA4}.Debug|x64.Build.0 = Debug|Any CPU
		{3D9F6B8B-867F-4579-81D4-22FD3124DAA4}.Debug|x64.Deploy.0 = Debug|Any CPU
		{3D9F6B8B-867F-4579-81D4-22FD3124DAA4}.Debug|x86.ActiveCfg = Debug|Any CPU
		{3D9F6B8B-867F-4579-81D4-22FD3124DAA4}.Debug|x86.Build.0 = Debug|Any CPU
		{3D9F6B8B-867F-4579-81D4-22FD3124DAA4}.Debug|x86.Deploy.0 = Debug|Any CPU
		{3D9F6B8B-867F-4579-81D4-22FD3124DAA4}.Release|Any CPU.ActiveCfg = Release|Any CPU
		{3D9F6B8B-867F-4579-81D4-22FD3124DAA4}.Release|Any CPU.Build.0 = Release|Any CPU
		{3D9F6B8B-867F-4579-81D4-22FD3124DAA4}.Release|Any CPU.Deploy.0 = Release|Any CPU
		{3D9F6B8B-867F-4579-81D4-22FD3124DAA4}.Release|ARM.ActiveCfg = Release|Any CPU
		{3D9F6B8B-867F-4579-81D4-22FD3124DAA4}.Release|ARM.Build.0 = Release|Any CPU
		{3D9F6B8B-867F-4579-81D4-22FD3124DAA4}.Release|ARM.Deploy.0 = Release|Any CPU
		{3D9F6B8B-867F-4579-81D4-22FD3124DAA4}.Release|iPhone.ActiveCfg = Release|Any CPU
		{3D9F6B8B-867F-4579-81D4-22FD3124DAA4}.Release|iPhone.Build.0 = Release|Any CPU
		{3D9F6B8B-867F-4579-81D4-22FD3124DAA4}.Release|iPhone.Deploy.0 = Release|Any CPU
		{3D9F6B8B-867F-4579-81D4-22FD3124DAA4}.Release|iPhoneSimulator.ActiveCfg = Release|Any CPU
		{3D9F6B8B-867F-4579-81D4-22FD3124DAA4}.Release|iPhoneSimulator.Build.0 = Release|Any CPU
		{3D9F6B8B-867F-4579-81D4-22FD3124DAA4}.Release|iPhoneSimulator.Deploy.0 = Release|Any CPU
		{3D9F6B8B-867F-4579-81D4-22FD3124DAA4}.Release|x64.ActiveCfg = Release|Any CPU
		{3D9F6B8B-867F-4579-81D4-22FD3124DAA4}.Release|x64.Build.0 = Release|Any CPU
		{3D9F6B8B-867F-4579-81D4-22FD3124DAA4}.Release|x64.Deploy.0 = Release|Any CPU
		{3D9F6B8B-867F-4579-81D4-22FD3124DAA4}.Release|x86.ActiveCfg = Release|Any CPU
		{3D9F6B8B-867F-4579-81D4-22FD3124DAA4}.Release|x86.Build.0 = Release|Any CPU
		{3D9F6B8B-867F-4579-81D4-22FD3124DAA4}.Release|x86.Deploy.0 = Release|Any CPU
		{D916B93D-FEE5-4EFA-A6F1-45E21E9B3931}.Ad-Hoc|Any CPU.ActiveCfg = Ad-Hoc|iPhone
		{D916B93D-FEE5-4EFA-A6F1-45E21E9B3931}.Ad-Hoc|ARM.ActiveCfg = Ad-Hoc|iPhone
		{D916B93D-FEE5-4EFA-A6F1-45E21E9B3931}.Ad-Hoc|iPhone.ActiveCfg = Ad-Hoc|iPhone
		{D916B93D-FEE5-4EFA-A6F1-45E21E9B3931}.Ad-Hoc|iPhone.Build.0 = Ad-Hoc|iPhone
		{D916B93D-FEE5-4EFA-A6F1-45E21E9B3931}.Ad-Hoc|iPhoneSimulator.ActiveCfg = Ad-Hoc|iPhoneSimulator
		{D916B93D-FEE5-4EFA-A6F1-45E21E9B3931}.Ad-Hoc|iPhoneSimulator.Build.0 = Ad-Hoc|iPhoneSimulator
		{D916B93D-FEE5-4EFA-A6F1-45E21E9B3931}.Ad-Hoc|x64.ActiveCfg = Ad-Hoc|iPhone
		{D916B93D-FEE5-4EFA-A6F1-45E21E9B3931}.Ad-Hoc|x86.ActiveCfg = Ad-Hoc|iPhone
		{D916B93D-FEE5-4EFA-A6F1-45E21E9B3931}.AppStore|Any CPU.ActiveCfg = AppStore|iPhone
		{D916B93D-FEE5-4EFA-A6F1-45E21E9B3931}.AppStore|ARM.ActiveCfg = AppStore|iPhone
		{D916B93D-FEE5-4EFA-A6F1-45E21E9B3931}.AppStore|iPhone.ActiveCfg = AppStore|iPhone
		{D916B93D-FEE5-4EFA-A6F1-45E21E9B3931}.AppStore|iPhone.Build.0 = AppStore|iPhone
		{D916B93D-FEE5-4EFA-A6F1-45E21E9B3931}.AppStore|iPhoneSimulator.ActiveCfg = AppStore|iPhoneSimulator
		{D916B93D-FEE5-4EFA-A6F1-45E21E9B3931}.AppStore|iPhoneSimulator.Build.0 = AppStore|iPhoneSimulator
		{D916B93D-FEE5-4EFA-A6F1-45E21E9B3931}.AppStore|x64.ActiveCfg = AppStore|iPhone
		{D916B93D-FEE5-4EFA-A6F1-45E21E9B3931}.AppStore|x86.ActiveCfg = AppStore|iPhone
		{D916B93D-FEE5-4EFA-A6F1-45E21E9B3931}.Debug|Any CPU.ActiveCfg = Debug|iPhone
		{D916B93D-FEE5-4EFA-A6F1-45E21E9B3931}.Debug|ARM.ActiveCfg = Debug|iPhone
		{D916B93D-FEE5-4EFA-A6F1-45E21E9B3931}.Debug|iPhone.ActiveCfg = Debug|iPhone
		{D916B93D-FEE5-4EFA-A6F1-45E21E9B3931}.Debug|iPhone.Build.0 = Debug|iPhone
		{D916B93D-FEE5-4EFA-A6F1-45E21E9B3931}.Debug|iPhoneSimulator.ActiveCfg = Debug|iPhoneSimulator
		{D916B93D-FEE5-4EFA-A6F1-45E21E9B3931}.Debug|iPhoneSimulator.Build.0 = Debug|iPhoneSimulator
		{D916B93D-FEE5-4EFA-A6F1-45E21E9B3931}.Debug|x64.ActiveCfg = Debug|iPhone
		{D916B93D-FEE5-4EFA-A6F1-45E21E9B3931}.Debug|x86.ActiveCfg = Debug|iPhone
		{D916B93D-FEE5-4EFA-A6F1-45E21E9B3931}.Release|Any CPU.ActiveCfg = Release|iPhone
		{D916B93D-FEE5-4EFA-A6F1-45E21E9B3931}.Release|ARM.ActiveCfg = Release|iPhone
		{D916B93D-FEE5-4EFA-A6F1-45E21E9B3931}.Release|iPhone.ActiveCfg = Release|iPhone
		{D916B93D-FEE5-4EFA-A6F1-45E21E9B3931}.Release|iPhone.Build.0 = Release|iPhone
		{D916B93D-FEE5-4EFA-A6F1-45E21E9B3931}.Release|iPhoneSimulator.ActiveCfg = Release|iPhoneSimulator
		{D916B93D-FEE5-4EFA-A6F1-45E21E9B3931}.Release|iPhoneSimulator.Build.0 = Release|iPhoneSimulator
		{D916B93D-FEE5-4EFA-A6F1-45E21E9B3931}.Release|x64.ActiveCfg = Release|iPhone
		{D916B93D-FEE5-4EFA-A6F1-45E21E9B3931}.Release|x86.ActiveCfg = Release|iPhone
	EndGlobalSection
	GlobalSection(SolutionProperties) = preSolution
		HideSolutionNode = FALSE
	EndGlobalSection
	GlobalSection(ExtensibilityGlobals) = postSolution
		SolutionGuid = {93B1AEF8-B120-4493-8DFC-F890C674DBE5}
	EndGlobalSection
EndGlobal
